
Microsoft Visual Studio Solution File, Format Version 12.00
# Visual Studio Version 16
VisualStudioVersion = 16.0.29806.167
MinimumVisualStudioVersion = 10.0.40219.1
Project("{FAE04EC0-301F-11D3-BF4B-00C04F79EFBC}") = "PTStoreManager2020", "PTStoreManager2020\PTStoreManager2020.csproj", "{559702D4-0C12-46C8-BF28-A3C735DF0345}"
EndProject
Global
	GlobalSection(SolutionConfigurationPlatforms) = preSolution
		Debug|Any CPU = Debug|Any CPU
		Release|Any CPU = Release|Any CPU
	EndGlobalSection
	GlobalSection(ProjectConfigurationPlatforms) = postSolution
		{559702D4-0C12-46C8-BF28-A3C735DF0345}.Debug|Any CPU.ActiveCfg = Debug|Any CPU
		{559702D4-0C12-46C8-BF28-A3C735DF0345}.Debug|Any CPU.Build.0 = Debug|Any CPU
		{559702D4-0C12-46C8-BF28-A3C735DF0345}.Release|Any CPU.ActiveCfg = Release|Any CPU
		{559702D4-0C12-46C8-BF28-A3C735DF0345}.Release|Any CPU.Build.0 = Release|Any CPU
	EndGlobalSection
	GlobalSection(SolutionProperties) = preSolution
		HideSolutionNode = FALSE
	EndGlobalSection
	GlobalSection(ExtensibilityGlobals) = postSolution
		SolutionGuid = {39317067-8E04-4E1F-9BF9-7B79DDBFE98B}
	EndGlobalSection
EndGlobal
